
Microsoft Visual Studio Solution File, Format Version 12.00
# Visual Studio Version 16
VisualStudioVersion = 16.0.33214.272
MinimumVisualStudioVersion = 10.0.40219.1
Project("{8BC9CEB8-8B4A-11D0-8D11-00A0C91BC942}") = "IntToBin", "IntToBin.vcxproj", "{D3081654-29A2-41AC-897B-E7BE1822A2D6}"
EndProject
Global
	GlobalSection(SolutionConfigurationPlatforms) = preSolution
		Debug|x64 = Debug|x64
		Debug|x86 = Debug|x86
		Release|x64 = Release|x64
		Release|x86 = Release|x86
	EndGlobalSection
	GlobalSection(ProjectConfigurationPlatforms) = postSolution
		{D3081654-29A2-41AC-897B-E7BE1822A2D6}.Debug|x64.ActiveCfg = Debug|x64
		{D3081654-29A2-41AC-897B-E7BE1822A2D6}.Debug|x64.Build.0 = Debug|x64
		{D3081654-29A2-41AC-897B-E7BE1822A2D6}.Debug|x86.ActiveCfg = Debug|Win32
		{D3081654-29A2-41AC-897B-E7BE1822A2D6}.Debug|x86.Build.0 = Debug|Win32
		{D3081654-29A2-41AC-897B-E7BE1822A2D6}.Release|x64.ActiveCfg = Release|x64
		{D3081654-29A2-41AC-897B-E7BE1822A2D6}.Release|x64.Build.0 = Release|x64
		{D3081654-29A2-41AC-897B-E7BE1822A2D6}.Release|x86.ActiveCfg = Release|Win32
		{D3081654-29A2-41AC-897B-E7BE1822A2D6}.Release|x86.Build.0 = Release|Win32
	EndGlobalSection
	GlobalSection(SolutionProperties) = preSolution
		HideSolutionNode = FALSE
	EndGlobalSection
	GlobalSection(ExtensibilityGlobals) = postSolution
		SolutionGuid = {A9DF604A-1EE6-4E57-8645-046C1890691D}
	EndGlobalSection
EndGlobal
